// !$*UTF8*$!
{
	archiveVersion = 1;
	classes = {
	};
	objectVersion = 46;
	objects = {

/* Begin PBXBuildFile section */
		4647F12D19E9A13300A8A79B /* AppDelegate.swift in Sources */ = {isa = PBXBuildFile; fileRef = 4647F12C19E9A13300A8A79B /* AppDelegate.swift */; };
		4647F12F19E9A13300A8A79B /* ViewController.swift in Sources */ = {isa = PBXBuildFile; fileRef = 4647F12E19E9A13300A8A79B /* ViewController.swift */; };
		4647F13219E9A13300A8A79B /* Main.storyboard in Resources */ = {isa = PBXBuildFile; fileRef = 4647F13019E9A13300A8A79B /* Main.storyboard */; };
		4647F13419E9A13300A8A79B /* Images.xcassets in Resources */ = {isa = PBXBuildFile; fileRef = 4647F13319E9A13300A8A79B /* Images.xcassets */; };
		4647F13719E9A13300A8A79B /* LaunchScreen.xib in Resources */ = {isa = PBXBuildFile; fileRef = 4647F13519E9A13300A8A79B /* LaunchScreen.xib */; };
		4647F14319E9A13300A8A79B /* Weigh_InTests.swift in Sources */ = {isa = PBXBuildFile; fileRef = 4647F14219E9A13300A8A79B /* Weigh_InTests.swift */; };
		4647F14D19E9A4C500A8A79B /* GameTableViewController.swift in Sources */ = {isa = PBXBuildFile; fileRef = 4647F14C19E9A4C500A8A79B /* GameTableViewController.swift */; };
		4647F14F19E9AEA700A8A79B /* GameTableViewCell.swift in Sources */ = {isa = PBXBuildFile; fileRef = 4647F14E19E9AEA700A8A79B /* GameTableViewCell.swift */; };
/* End PBXBuildFile section */

/* Begin PBXContainerItemProxy section */
		4647F13D19E9A13300A8A79B /* PBXContainerItemProxy */ = {
			isa = PBXContainerItemProxy;
			containerPortal = 4647F11F19E9A13300A8A79B /* Project object */;
			proxyType = 1;
			remoteGlobalIDString = 4647F12619E9A13300A8A79B;
			remoteInfo = "Weigh In";
		};
/* End PBXContainerItemProxy section */

/* Begin PBXFileReference section */
		4647F12719E9A13300A8A79B /* Weigh In.app */ = {isa = PBXFileReference; explicitFileType = wrapper.application; includeInIndex = 0; path = "Weigh In.app"; sourceTree = BUILT_PRODUCTS_DIR; };
		4647F12B19E9A13300A8A79B /* Info.plist */ = {isa = PBXFileReference; lastKnownFileType = text.plist.xml; path = Info.plist; sourceTree = "<group>"; };
		4647F12C19E9A13300A8A79B /* AppDelegate.swift */ = {isa = PBXFileReference; lastKnownFileType = sourcecode.swift; path = AppDelegate.swift; sourceTree = "<group>"; };
		4647F12E19E9A13300A8A79B /* ViewController.swift */ = {isa = PBXFileReference; lastKnownFileType = sourcecode.swift; path = ViewController.swift; sourceTree = "<group>"; };
		4647F13119E9A13300A8A79B /* Base */ = {isa = PBXFileReference; lastKnownFileType = file.storyboard; name = Base; path = Base.lproj/Main.storyboard; sourceTree = "<group>"; };
		4647F13319E9A13300A8A79B /* Images.xcassets */ = {isa = PBXFileReference; lastKnownFileType = folder.assetcatalog; path = Images.xcassets; sourceTree = "<group>"; };
		4647F13619E9A13300A8A79B /* Base */ = {isa = PBXFileReference; lastKnownFileType = file.xib; name = Base; path = Base.lproj/LaunchScreen.xib; sourceTree = "<group>"; };
		4647F13C19E9A13300A8A79B /* Weigh InTests.xctest */ = {isa = PBXFileReference; explicitFileType = wrapper.cfbundle; includeInIndex = 0; path = "Weigh InTests.xctest"; sourceTree = BUILT_PRODUCTS_DIR; };
		4647F14119E9A13300A8A79B /* Info.plist */ = {isa = PBXFileReference; lastKnownFileType = text.plist.xml; path = Info.plist; sourceTree = "<group>"; };
		4647F14219E9A13300A8A79B /* Weigh_InTests.swift */ = {isa = PBXFileReference; lastKnownFileType = sourcecode.swift; path = Weigh_InTests.swift; sourceTree = "<group>"; };
		4647F14C19E9A4C500A8A79B /* GameTableViewController.swift */ = {isa = PBXFileReference; fileEncoding = 4; lastKnownFileType = sourcecode.swift; path = GameTableViewController.swift; sourceTree = "<group>"; };
		4647F14E19E9AEA700A8A79B /* GameTableViewCell.swift */ = {isa = PBXFileReference; fileEncoding = 4; lastKnownFileType = sourcecode.swift; path = GameTableViewCell.swift; sourceTree = "<group>"; };
/* End PBXFileReference section */

/* Begin PBXFrameworksBuildPhase section */
		4647F12419E9A13300A8A79B /* Frameworks */ = {
			isa = PBXFrameworksBuildPhase;
			buildActionMask = 2147483647;
			files = (
			);
			runOnlyForDeploymentPostprocessing = 0;
		};
		4647F13919E9A13300A8A79B /* Frameworks */ = {
			isa = PBXFrameworksBuildPhase;
			buildActionMask = 2147483647;
			files = (
			);
			runOnlyForDeploymentPostprocessing = 0;
		};
/* End PBXFrameworksBuildPhase section */

/* Begin PBXGroup section */
		4647F11E19E9A13300A8A79B = {
			isa = PBXGroup;
			children = (
				4647F12919E9A13300A8A79B /* Weigh In */,
				4647F13F19E9A13300A8A79B /* Weigh InTests */,
				4647F12819E9A13300A8A79B /* Products */,
			);
			sourceTree = "<group>";
		};
		4647F12819E9A13300A8A79B /* Products */ = {
			isa = PBXGroup;
			children = (
				4647F12719E9A13300A8A79B /* Weigh In.app */,
				4647F13C19E9A13300A8A79B /* Weigh InTests.xctest */,
			);
			name = Products;
			sourceTree = "<group>";
		};
		4647F12919E9A13300A8A79B /* Weigh In */ = {
			isa = PBXGroup;
			children = (
				4647F12C19E9A13300A8A79B /* AppDelegate.swift */,
				4647F12E19E9A13300A8A79B /* ViewController.swift */,
				4647F13019E9A13300A8A79B /* Main.storyboard */,
				4647F14E19E9AEA700A8A79B /* GameTableViewCell.swift */,
				4647F14C19E9A4C500A8A79B /* GameTableViewController.swift */,
				4647F13319E9A13300A8A79B /* Images.xcassets */,
				4647F13519E9A13300A8A79B /* LaunchScreen.xib */,
				4647F12A19E9A13300A8A79B /* Supporting Files */,
			);
			path = "Weigh In";
			sourceTree = "<group>";
		};
		4647F12A19E9A13300A8A79B /* Supporting Files */ = {
			isa = PBXGroup;
			children = (
				4647F12B19E9A13300A8A79B /* Info.plist */,
			);
			name = "Supporting Files";
			sourceTree = "<group>";
		};
		4647F13F19E9A13300A8A79B /* Weigh InTests */ = {
			isa = PBXGroup;
			children = (
				4647F14219E9A13300A8A79B /* Weigh_InTests.swift */,
				4647F14019E9A13300A8A79B /* Supporting Files */,
			);
			path = "Weigh InTests";
			sourceTree = "<group>";
		};
		4647F14019E9A13300A8A79B /* Supporting Files */ = {
			isa = PBXGroup;
			children = (
				4647F14119E9A13300A8A79B /* Info.plist */,
			);
			name = "Supporting Files";
			sourceTree = "<group>";
		};
/* End PBXGroup section */

/* Begin PBXNativeTarget section */
		4647F12619E9A13300A8A79B /* Weigh In */ = {
			isa = PBXNativeTarget;
			buildConfigurationList = 4647F14619E9A13300A8A79B /* Build configuration list for PBXNativeTarget "Weigh In" */;
			buildPhases = (
				4647F12319E9A13300A8A79B /* Sources */,
				4647F12419E9A13300A8A79B /* Frameworks */,
				4647F12519E9A13300A8A79B /* Resources */,
			);
			buildRules = (
			);
			dependencies = (
			);
			name = "Weigh In";
			productName = "Weigh In";
			productReference = 4647F12719E9A13300A8A79B /* Weigh In.app */;
			productType = "com.apple.product-type.application";
		};
		4647F13B19E9A13300A8A79B /* Weigh InTests */ = {
			isa = PBXNativeTarget;
			buildConfigurationList = 4647F14919E9A13300A8A79B /* Build configuration list for PBXNativeTarget "Weigh InTests" */;
			buildPhases = (
				4647F13819E9A13300A8A79B /* Sources */,
				4647F13919E9A13300A8A79B /* Frameworks */,
				4647F13A19E9A13300A8A79B /* Resources */,
			);
			buildRules = (
			);
			dependencies = (
				4647F13E19E9A13300A8A79B /* PBXTargetDependency */,
			);
			name = "Weigh InTests";
			productName = "Weigh InTests";
			productReference = 4647F13C19E9A13300A8A79B /* Weigh InTests.xctest */;
			productType = "com.apple.product-type.bundle.unit-test";
		};
/* End PBXNativeTarget section */

/* Begin PBXProject section */
		4647F11F19E9A13300A8A79B /* Project object */ = {
			isa = PBXProject;
			attributes = {
				LastUpgradeCheck = 0600;
				ORGANIZATIONNAME = asb;
				TargetAttributes = {
					4647F12619E9A13300A8A79B = {
						CreatedOnToolsVersion = 6.0;
					};
					4647F13B19E9A13300A8A79B = {
						CreatedOnToolsVersion = 6.0;
						TestTargetID = 4647F12619E9A13300A8A79B;
					};
				};
			};
			buildConfigurationList = 4647F12219E9A13300A8A79B /* Build configuration list for PBXProject "Weigh In" */;
			compatibilityVersion = "Xcode 3.2";
			developmentRegion = English;
			hasScannedForEncodings = 0;
			knownRegions = (
				en,
				Base,
			);
			mainGroup = 4647F11E19E9A13300A8A79B;
			productRefGroup = 4647F12819E9A13300A8A79B /* Products */;
			projectDirPath = "";
			projectRoot = "";
			targets = (
				4647F12619E9A13300A8A79B /* Weigh In */,
				4647F13B19E9A13300A8A79B /* Weigh InTests */,
			);
		};
/* End PBXProject section */

/* Begin PBXResourcesBuildPhase section */
		4647F12519E9A13300A8A79B /* Resources */ = {
			isa = PBXResourcesBuildPhase;
			buildActionMask = 2147483647;
			files = (
				4647F13219E9A13300A8A79B /* Main.storyboard in Resources */,
				4647F13719E9A13300A8A79B /* LaunchScreen.xib in Resources */,
				4647F13419E9A13300A8A79B /* Images.xcassets in Resources */,
			);
			runOnlyForDeploymentPostprocessing = 0;
		};
		4647F13A19E9A13300A8A79B /* Resources */ = {
			isa = PBXResourcesBuildPhase;
			buildActionMask = 2147483647;
			files = (
			);
			runOnlyForDeploymentPostprocessing = 0;
		};
/* End PBXResourcesBuildPhase section */

/* Begin PBXSourcesBuildPhase section */
		4647F12319E9A13300A8A79B /* Sources */ = {
			isa = PBXSourcesBuildPhase;
			buildActionMask = 2147483647;
			files = (
				4647F14D19E9A4C500A8A79B /* GameTableViewController.swift in Sources */,
				4647F12F19E9A13300A8A79B /* ViewController.swift in Sources */,
				4647F12D19E9A13300A8A79B /* AppDelegate.swift in Sources */,
				4647F14F19E9AEA700A8A79B /* GameTableViewCell.swift in Sources */,
			);
			runOnlyForDeploymentPostprocessing = 0;
		};
		4647F13819E9A13300A8A79B /* Sources */ = {
			isa = PBXSourcesBuildPhase;
			buildActionMask = 2147483647;
			files = (
				4647F14319E9A13300A8A79B /* Weigh_InTests.swift in Sources */,
			);
			runOnlyForDeploymentPostprocessing = 0;
		};
/* End PBXSourcesBuildPhase section */

/* Begin PBXTargetDependency section */
		4647F13E19E9A13300A8A79B /* PBXTargetDependency */ = {
			isa = PBXTargetDependency;
			target = 4647F12619E9A13300A8A79B /* Weigh In */;
			targetProxy = 4647F13D19E9A13300A8A79B /* PBXContainerItemProxy */;
		};
/* End PBXTargetDependency section */

/* Begin PBXVariantGroup section */
		4647F13019E9A13300A8A79B /* Main.storyboard */ = {
			isa = PBXVariantGroup;
			children = (
				4647F13119E9A13300A8A79B /* Base */,
			);
			name = Main.storyboard;
			sourceTree = "<group>";
		};
		4647F13519E9A13300A8A79B /* LaunchScreen.xib */ = {
			isa = PBXVariantGroup;
			children = (
				4647F13619E9A13300A8A79B /* Base */,
			);
			name = LaunchScreen.xib;
			sourceTree = "<group>";
		};
/* End PBXVariantGroup section */

/* Begin XCBuildConfiguration section */
		4647F14419E9A13300A8A79B /* Debug */ = {
			isa = XCBuildConfiguration;
			buildSettings = {
				ALWAYS_SEARCH_USER_PATHS = NO;
				CLANG_CXX_LANGUAGE_STANDARD = "gnu++0x";
				CLANG_CXX_LIBRARY = "libc++";
				CLANG_ENABLE_MODULES = YES;
				CLANG_ENABLE_OBJC_ARC = YES;
				CLANG_WARN_BOOL_CONVERSION = YES;
				CLANG_WARN_CONSTANT_CONVERSION = YES;
				CLANG_WARN_DIRECT_OBJC_ISA_USAGE = YES_ERROR;
				CLANG_WARN_EMPTY_BODY = YES;
				CLANG_WARN_ENUM_CONVERSION = YES;
				CLANG_WARN_INT_CONVERSION = YES;
				CLANG_WARN_OBJC_ROOT_CLASS = YES_ERROR;
				CLANG_WARN_UNREACHABLE_CODE = YES;
				CLANG_WARN__DUPLICATE_METHOD_MATCH = YES;
				"CODE_SIGN_IDENTITY[sdk=iphoneos*]" = "iPhone Developer";
				COPY_PHASE_STRIP = NO;
				ENABLE_STRICT_OBJC_MSGSEND = YES;
				GCC_C_LANGUAGE_STANDARD = gnu99;
				GCC_DYNAMIC_NO_PIC = NO;
				GCC_OPTIMIZATION_LEVEL = 0;
				GCC_PREPROCESSOR_DEFINITIONS = (
					"DEBUG=1",
					"$(inherited)",
				);
				GCC_SYMBOLS_PRIVATE_EXTERN = NO;
				GCC_WARN_64_TO_32_BIT_CONVERSION = YES;
				GCC_WARN_ABOUT_RETURN_TYPE = YES_ERROR;
				GCC_WARN_UNDECLARED_SELECTOR = YES;
				GCC_WARN_UNINITIALIZED_AUTOS = YES_AGGRESSIVE;
				GCC_WARN_UNUSED_FUNCTION = YES;
				GCC_WARN_UNUSED_VARIABLE = YES;
				IPHONEOS_DEPLOYMENT_TARGET = 8.0;
				MTL_ENABLE_DEBUG_INFO = YES;
				ONLY_ACTIVE_ARCH = YES;
				SDKROOT = iphoneos;
				SWIFT_OPTIMIZATION_LEVEL = "-Onone";
				TARGETED_DEVICE_FAMILY = "1,2";
			};
			name = Debug;
		};
		4647F14519E9A13300A8A79B /* Release */ = {
			isa = XCBuildConfiguration;
			buildSettings = {
				ALWAYS_SEARCH_USER_PATHS = NO;
				CLANG_CXX_LANGUAGE_STANDARD = "gnu++0x";
				CLANG_CXX_LIBRARY = "libc++";
				CLANG_ENABLE_MODULES = YES;
				CLANG_ENABLE_OBJC_ARC = YES;
				CLANG_WARN_BOOL_CONVERSION = YES;
				CLANG_WARN_CONSTANT_CONVERSION = YES;
				CLANG_WARN_DIRECT_OBJC_ISA_USAGE = YES_ERROR;
				CLANG_WARN_EMPTY_BODY = YES;
				CLANG_WARN_ENUM_CONVERSION = YES;
				CLANG_WARN_INT_CONVERSION = YES;
				CLANG_WARN_OBJC_ROOT_CLASS = YES_ERROR;
				CLANG_WARN_UNREACHABLE_CODE = YES;
				CLANG_WARN__DUPLICATE_METHOD_MATCH = YES;
				"CODE_SIGN_IDENTITY[sdk=iphoneos*]" = "iPhone Developer";
				COPY_PHASE_STRIP = YES;
				ENABLE_NS_ASSERTIONS = NO;
				ENABLE_STRICT_OBJC_MSGSEND = YES;
				GCC_C_LANGUAGE_STANDARD = gnu99;
				GCC_WARN_64_TO_32_BIT_CONVERSION = YES;
				GCC_WARN_ABOUT_RETURN_TYPE = YES_ERROR;
				GCC_WARN_UNDECLARED_SELECTOR = YES;
				GCC_WARN_UNINITIALIZED_AUTOS = YES_AGGRESSIVE;
				GCC_WARN_UNUSED_FUNCTION = YES;
				GCC_WARN_UNUSED_VARIABLE = YES;
				IPHONEOS_DEPLOYMENT_TARGET = 8.0;
				MTL_ENABLE_DEBUG_INFO = NO;
				SDKROOT = iphoneos;
				TARGETED_DEVICE_FAMILY = "1,2";
				VALIDATE_PRODUCT = YES;
			};
			name = Release;
		};
		4647F14719E9A13300A8A79B /* Debug */ = {
			isa = XCBuildConfiguration;
			buildSettings = {
				ASSETCATALOG_COMPILER_APPICON_NAME = AppIcon;
				INFOPLIST_FILE = "Weigh In/Info.plist";
				IPHONEOS_DEPLOYMENT_TARGET = 7.1;
				LD_RUNPATH_SEARCH_PATHS = "$(inherited) @executable_path/Frameworks";
				PRODUCT_NAME = "$(TARGET_NAME)";
			};
			name = Debug;
		};
		4647F14819E9A13300A8A79B /* Release */ = {
			isa = XCBuildConfiguration;
			buildSettings = {
				ASSETCATALOG_COMPILER_APPICON_NAME = AppIcon;
				INFOPLIST_FILE = "Weigh In/Info.plist";
				IPHONEOS_DEPLOYMENT_TARGET = 7.1;
				LD_RUNPATH_SEARCH_PATHS = "$(inherited) @executable_path/Frameworks";
				PRODUCT_NAME = "$(TARGET_NAME)";
			};
			name = Release;
		};
		4647F14A19E9A13300A8A79B /* Debug */ = {
			isa = XCBuildConfiguration;
			buildSettings = {
				BUNDLE_LOADER = "$(TEST_HOST)";
				FRAMEWORK_SEARCH_PATHS = (
					"$(SDKROOT)/Developer/Library/Frameworks",
					"$(inherited)",
				);
				GCC_PREPROCESSOR_DEFINITIONS = (
					"DEBUG=1",
					"$(inherited)",
				);
				INFOPLIST_FILE = "Weigh InTests/Info.plist";
				LD_RUNPATH_SEARCH_PATHS = "$(inherited) @executable_path/Frameworks @loader_path/Frameworks";
				PRODUCT_NAME = "$(TARGET_NAME)";
				TEST_HOST = "$(BUILT_PRODUCTS_DIR)/Weigh In.app/Weigh In";
			};
			name = Debug;
		};
		4647F14B19E9A13300A8A79B /* Release */ = {
			isa = XCBuildConfiguration;
			buildSettings = {
				BUNDLE_LOADER = "$(TEST_HOST)";
				FRAMEWORK_SEARCH_PATHS = (
					"$(SDKROOT)/Developer/Library/Frameworks",
					"$(inherited)",
				);
				INFOPLIST_FILE = "Weigh InTests/Info.plist";
				LD_RUNPATH_SEARCH_PATHS = "$(inherited) @executable_path/Frameworks @loader_path/Frameworks";
				PRODUCT_NAME = "$(TARGET_NAME)";
				TEST_HOST = "$(BUILT_PRODUCTS_DIR)/Weigh In.app/Weigh In";
			};
			name = Release;
		};
/* End XCBuildConfiguration section */

/* Begin XCConfigurationList section */
		4647F12219E9A13300A8A79B /* Build configuration list for PBXProject "Weigh In" */ = {
			isa = XCConfigurationList;
			buildConfigurations = (
				4647F14419E9A13300A8A79B /* Debug */,
				4647F14519E9A13300A8A79B /* Release */,
			);
			defaultConfigurationIsVisible = 0;
			defaultConfigurationName = Release;
		};
		4647F14619E9A13300A8A79B /* Build configuration list for PBXNativeTarget "Weigh In" */ = {
			isa = XCConfigurationList;
			buildConfigurations = (
				4647F14719E9A13300A8A79B /* Debug */,
				4647F14819E9A13300A8A79B /* Release */,
			);
			defaultConfigurationIsVisible = 0;
		};
		4647F14919E9A13300A8A79B /* Build configuration list for PBXNativeTarget "Weigh InTests" */ = {
			isa = XCConfigurationList;
			buildConfigurations = (
				4647F14A19E9A13300A8A79B /* Debug */,
				4647F14B19E9A13300A8A79B /* Release */,
			);
			defaultConfigurationIsVisible = 0;
		};
/* End XCConfigurationList section */
	};
	rootObject = 4647F11F19E9A13300A8A79B /* Project object */;
}
